
Microsoft Visual Studio Solution File, Format Version 12.00
# Visual Studio 2013
VisualStudioVersion = 12.0.21005.1
MinimumVisualStudioVersion = 10.0.40219.1
Project("{8BC9CEB8-8B4A-11D0-8D11-00A0C91BC942}") = "Player", "Player\Player.vcxproj", "{495809ED-8219-48C6-8157-EFB0B3CD5C02}"
EndProject
Project("{8BC9CEB8-8B4A-11D0-8D11-00A0C91BC942}") = "test_heatmap", "..\..\..\heatmap\test_heatmap\test_heatmap.vcxproj", "{568136B8-6773-4A5B-B318-B389717BB50A}"
EndProject
Project("{8BC9CEB8-8B4A-11D0-8D11-00A0C91BC942}") = "awpipl2", "..\..\..\IPF\awpipl2\vc\vc2013\awpipl2.vcxproj", "{EEC6D9A5-396E-4388-BD84-193BEF1657BA}"
EndProject
Project("{8BC9CEB8-8B4A-11D0-8D11-00A0C91BC942}") = "awpcvvideo", "..\..\..\IPF\cvvideo\module\awpcvvideo\awpcvvideo.vcxproj", "{8B0D0586-46EA-4F01-B391-150F2B2D9E48}"
EndProject
Global
	GlobalSection(SolutionConfigurationPlatforms) = preSolution
		Debug|Win32 = Debug|Win32
		Debug|x64 = Debug|x64
		Release|Win32 = Release|Win32
		Release|x64 = Release|x64
	EndGlobalSection
	GlobalSection(ProjectConfigurationPlatforms) = postSolution
		{495809ED-8219-48C6-8157-EFB0B3CD5C02}.Debug|Win32.ActiveCfg = Debug|Win32
		{495809ED-8219-48C6-8157-EFB0B3CD5C02}.Debug|Win32.Build.0 = Debug|Win32
		{495809ED-8219-48C6-8157-EFB0B3CD5C02}.Debug|x64.ActiveCfg = Debug|Win32
		{495809ED-8219-48C6-8157-EFB0B3CD5C02}.Release|Win32.ActiveCfg = Release|Win32
		{495809ED-8219-48C6-8157-EFB0B3CD5C02}.Release|Win32.Build.0 = Release|Win32
		{495809ED-8219-48C6-8157-EFB0B3CD5C02}.Release|x64.ActiveCfg = Release|Win32
		{568136B8-6773-4A5B-B318-B389717BB50A}.Debug|Win32.ActiveCfg = Debug|Win32
		{568136B8-6773-4A5B-B318-B389717BB50A}.Debug|Win32.Build.0 = Debug|Win32
		{568136B8-6773-4A5B-B318-B389717BB50A}.Debug|x64.ActiveCfg = Debug|x64
		{568136B8-6773-4A5B-B318-B389717BB50A}.Debug|x64.Build.0 = Debug|x64
		{568136B8-6773-4A5B-B318-B389717BB50A}.Release|Win32.ActiveCfg = Release|Win32
		{568136B8-6773-4A5B-B318-B389717BB50A}.Release|Win32.Build.0 = Release|Win32
		{568136B8-6773-4A5B-B318-B389717BB50A}.Release|x64.ActiveCfg = Release|x64
		{568136B8-6773-4A5B-B318-B389717BB50A}.Release|x64.Build.0 = Release|x64
		{EEC6D9A5-396E-4388-BD84-193BEF1657BA}.Debug|Win32.ActiveCfg = Debug|Win32
		{EEC6D9A5-396E-4388-BD84-193BEF1657BA}.Debug|Win32.Build.0 = Debug|Win32
		{EEC6D9A5-396E-4388-BD84-193BEF1657BA}.Debug|x64.ActiveCfg = Debug|x64
		{EEC6D9A5-396E-4388-BD84-193BEF1657BA}.Debug|x64.Build.0 = Debug|x64
		{EEC6D9A5-396E-4388-BD84-193BEF1657BA}.Release|Win32.ActiveCfg = Release|Win32
		{EEC6D9A5-396E-4388-BD84-193BEF1657BA}.Release|Win32.Build.0 = Release|Win32
		{EEC6D9A5-396E-4388-BD84-193BEF1657BA}.Release|x64.ActiveCfg = Release|x64
		{EEC6D9A5-396E-4388-BD84-193BEF1657BA}.Release|x64.Build.0 = Release|x64
		{8B0D0586-46EA-4F01-B391-150F2B2D9E48}.Debug|Win32.ActiveCfg = Debug|Win32
		{8B0D0586-46EA-4F01-B391-150F2B2D9E48}.Debug|Win32.Build.0 = Debug|Win32
		{8B0D0586-46EA-4F01-B391-150F2B2D9E48}.Debug|x64.ActiveCfg = Debug|x64
		{8B0D0586-46EA-4F01-B391-150F2B2D9E48}.Debug|x64.Build.0 = Debug|x64
		{8B0D0586-46EA-4F01-B391-150F2B2D9E48}.Release|Win32.ActiveCfg = Release|Win32
		{8B0D0586-46EA-4F01-B391-150F2B2D9E48}.Release|Win32.Build.0 = Release|Win32
		{8B0D0586-46EA-4F01-B391-150F2B2D9E48}.Release|x64.ActiveCfg = Release|x64
		{8B0D0586-46EA-4F01-B391-150F2B2D9E48}.Release|x64.Build.0 = Release|x64
	EndGlobalSection
	GlobalSection(SolutionProperties) = preSolution
		HideSolutionNode = FALSE
	EndGlobalSection
EndGlobal
